
Microsoft Visual Studio Solution File, Format Version 12.00
# Visual Studio 2012
Project("{8BC9CEB8-8B4A-11D0-8D11-00A0C91BC942}") = "sentence-similarity", "sentence-similarity\sentence-similarity.vcxproj", "{0D882257-D6CE-41FC-B4E8-D03A3D09C7AB}"
EndProject
Global
	GlobalSection(SolutionConfigurationPlatforms) = preSolution
		Debug|Any CPU = Debug|Any CPU
		Debug|Mixed Platforms = Debug|Mixed Platforms
		Debug|Win32 = Debug|Win32
		Release|Any CPU = Release|Any CPU
		Release|Mixed Platforms = Release|Mixed Platforms
		Release|Win32 = Release|Win32
	EndGlobalSection
	GlobalSection(ProjectConfigurationPlatforms) = postSolution
		{0D882257-D6CE-41FC-B4E8-D03A3D09C7AB}.Debug|Any CPU.ActiveCfg = Debug|Win32
		{0D882257-D6CE-41FC-B4E8-D03A3D09C7AB}.Debug|Mixed Platforms.ActiveCfg = Debug|Win32
		{0D882257-D6CE-41FC-B4E8-D03A3D09C7AB}.Debug|Mixed Platforms.Build.0 = Debug|Win32
		{0D882257-D6CE-41FC-B4E8-D03A3D09C7AB}.Debug|Win32.ActiveCfg = Debug|Win32
		{0D882257-D6CE-41FC-B4E8-D03A3D09C7AB}.Debug|Win32.Build.0 = Debug|Win32
		{0D882257-D6CE-41FC-B4E8-D03A3D09C7AB}.Release|Any CPU.ActiveCfg = Release|Win32
		{0D882257-D6CE-41FC-B4E8-D03A3D09C7AB}.Release|Mixed Platforms.ActiveCfg = Release|Win32
		{0D882257-D6CE-41FC-B4E8-D03A3D09C7AB}.Release|Mixed Platforms.Build.0 = Release|Win32
		{0D882257-D6CE-41FC-B4E8-D03A3D09C7AB}.Release|Win32.ActiveCfg = Release|Win32
		{0D882257-D6CE-41FC-B4E8-D03A3D09C7AB}.Release|Win32.Build.0 = Release|Win32
	EndGlobalSection
	GlobalSection(SolutionProperties) = preSolution
		HideSolutionNode = FALSE
	EndGlobalSection
EndGlobal
